
Microsoft Visual Studio Solution File, Format Version 12.00
# Visual Studio Version 16
VisualStudioVersion = 16.0.31829.152
MinimumVisualStudioVersion = 10.0.40219.1
Project("{FAE04EC0-301F-11D3-BF4B-00C04F79EFBC}") = "NetChallenge", "NetChallenge\NetChallenge.csproj", "{0188D985-C72E-4CD9-AF21-D14CF8283055}"
EndProject
Global
	GlobalSection(SolutionConfigurationPlatforms) = preSolution
		Debug|Any CPU = Debug|Any CPU
		Release|Any CPU = Release|Any CPU
	EndGlobalSection
	GlobalSection(ProjectConfigurationPlatforms) = postSolution
		{0188D985-C72E-4CD9-AF21-D14CF8283055}.Debug|Any CPU.ActiveCfg = Debug|Any CPU
		{0188D985-C72E-4CD9-AF21-D14CF8283055}.Debug|Any CPU.Build.0 = Debug|Any CPU
		{0188D985-C72E-4CD9-AF21-D14CF8283055}.Release|Any CPU.ActiveCfg = Release|Any CPU
		{0188D985-C72E-4CD9-AF21-D14CF8283055}.Release|Any CPU.Build.0 = Release|Any CPU
	EndGlobalSection
	GlobalSection(SolutionProperties) = preSolution
		HideSolutionNode = FALSE
	EndGlobalSection
	GlobalSection(ExtensibilityGlobals) = postSolution
		SolutionGuid = {D15D9365-5E44-4982-807B-5A6BAD9374CB}
	EndGlobalSection
EndGlobal
